{
  "lockfile_version": "1",
  "packages": {
    "python311": {
      "plugin_version": "0.0.1",
      "resolved": "github:NixOS/nixpkgs/f80ac848e3d6f0c12c52758c0f25c10c97ca3b62#python311"
    },
    "python@3.11": {
      "last_modified": "2023-06-30T04:44:22Z",
      "plugin_version": "0.0.1",
      "resolved": "github:NixOS/nixpkgs/3c614fbc76fc152f3e1bc4b2263da6d90adf80fb#python311",
      "version": "3.11.4"
    }
  }
}