[[package]]
name = "anyio"
version = "3.6.1"
requires_python = ">=3.6.2"
summary = "High level compatibility layer for multiple asynchronous event loop implementations"
dependencies = [
    "idna>=2.8",
    "sniffio>=1.1",
]

[[package]]
name = "click"
version = "8.1.3"
requires_python = ">=3.7"
summary = "Composable command line interface toolkit"
dependencies = [
    "colorama; platform_system == \"Windows\"",
]

[[package]]
name = "colorama"
version = "0.4.5"
requires_python = ">=2.7, !=3.0.*, !=3.1.*, !=3.2.*, !=3.3.*, !=3.4.*"
summary = "Cross-platform colored terminal text."

[[package]]
name = "fastapi"
version = "0.85.1"
requires_python = ">=3.7"
summary = "FastAPI framework, high performance, easy to learn, fast to code, ready for production"
dependencies = [
    "pydantic!=1.7,!=1.7.1,!=1.7.2,!=1.7.3,!=1.8,!=1.8.1,<2.0.0,>=1.6.2",
    "starlette==0.20.4",
]

[[package]]
name = "greenlet"
version = "1.1.3.post0"
requires_python = ">=2.7,!=3.0.*,!=3.1.*,!=3.2.*,!=3.3.*,!=3.4.*"
summary = "Lightweight in-process concurrent programming"

[[package]]
name = "h11"
version = "0.14.0"
requires_python = ">=3.7"
summary = "A pure-Python, bring-your-own-I/O implementation of HTTP/1.1"

[[package]]
name = "idna"
version = "3.4"
requires_python = ">=3.5"
summary = "Internationalized Domain Names in Applications (IDNA)"

[[package]]
name = "pydantic"
version = "1.10.2"
requires_python = ">=3.7"
summary = "Data validation and settings management using python type hints"
dependencies = [
    "typing-extensions>=4.1.0",
]

[[package]]
name = "sniffio"
version = "1.3.0"
requires_python = ">=3.7"
summary = "Sniff out which async library your code is running under"

[[package]]
name = "sqlalchemy"
version = "1.4.41"
requires_python = "!=3.0.*,!=3.1.*,!=3.2.*,!=3.3.*,!=3.4.*,!=3.5.*,>=2.7"
summary = "Database Abstraction Library"
dependencies = [
    "greenlet!=0.4.17; python_version >= \"3\" and (platform_machine == \"aarch64\" or (platform_machine == \"ppc64le\" or (platform_machine == \"x86_64\" or (platform_machine == \"amd64\" or (platform_machine == \"AMD64\" or (platform_machine == \"win32\" or platform_machine == \"WIN32\"))))))",
]

[[package]]
name = "starlette"
version = "0.20.4"
requires_python = ">=3.7"
summary = "The little ASGI library that shines."
dependencies = [
    "anyio<5,>=3.4.0",
    "typing-extensions>=3.10.0; python_version < \"3.10\"",
]

[[package]]
name = "typing-extensions"
version = "4.4.0"
requires_python = ">=3.7"
summary = "Backported and Experimental Type Hints for Python 3.7+"

[[package]]
name = "uvicorn"
version = "0.18.3"
requires_python = ">=3.7"
summary = "The lightning-fast ASGI server."
dependencies = [
    "click>=7.0",
    "h11>=0.8",
]

[metadata]
lock_version = "4.0"
content_hash = "sha256:61b55f8e9f5ac126177b8ee6c1b12656aecfe93ec636c96ba4800c3329ef9cec"

[metadata.files]
"anyio 3.6.1" = [
    {url = "https://files.pythonhosted.org/packages/67/c4/fd50bbb2fb72532a4b778562e28ba581da15067cfb2537dbd3a2e64689c1/anyio-3.6.1.tar.gz", hash = "sha256:413adf95f93886e442aea925f3ee43baa5a765a64a0f52c6081894f9992fdd0b"},
    {url = "https://files.pythonhosted.org/packages/c3/22/4cba7e1b4f45ffbefd2ca817a6800ba1c671c26f288d7705f20289872012/anyio-3.6.1-py3-none-any.whl", hash = "sha256:cb29b9c70620506a9a8f87a309591713446953302d7d995344d0d7c6c0c9a7be"},
]
"click 8.1.3" = [
    {url = "https://files.pythonhosted.org/packages/59/87/84326af34517fca8c58418d148f2403df25303e02736832403587318e9e8/click-8.1.3.tar.gz", hash = "sha256:7682dc8afb30297001674575ea00d1814d808d6a36af415a82bd481d37ba7b8e"},
    {url = "https://files.pythonhosted.org/packages/c2/f1/df59e28c642d583f7dacffb1e0965d0e00b218e0186d7858ac5233dce840/click-8.1.3-py3-none-any.whl", hash = "sha256:bb4d8133cb15a609f44e8213d9b391b0809795062913b383c62be0ee95b1db48"},
]
"colorama 0.4.5" = [
    {url = "https://files.pythonhosted.org/packages/2b/65/24d033a9325ce42ccbfa3ca2d0866c7e89cc68e5b9d92ecaba9feef631df/colorama-0.4.5.tar.gz", hash = "sha256:e6c6b4334fc50988a639d9b98aa429a0b57da6e17b9a44f0451f930b6967b7a4"},
    {url = "https://files.pythonhosted.org/packages/77/8b/7550e87b2d308a1b711725dfaddc19c695f8c5fa413c640b2be01662f4e6/colorama-0.4.5-py2.py3-none-any.whl", hash = "sha256:854bf444933e37f5824ae7bfc1e98d5bce2ebe4160d46b5edf346a89358e99da"},
]
"fastapi 0.85.1" = [
    {url = "https://files.pythonhosted.org/packages/76/06/167f461067a95fb631fdf65657089364dc43844bc38d8c39374c3abbc746/fastapi-0.85.1.tar.gz", hash = "sha256:1facd097189682a4ff11cbd01334a992e51b56be663b2bd50c2c09523624f144"},
    {url = "https://files.pythonhosted.org/packages/bf/54/6eb1882b5cb29e6647df92ee74d0a93dab149234ec914563cab955fa667f/fastapi-0.85.1-py3-none-any.whl", hash = "sha256:de3166b6b1163dc22da4dc4ebdc3192fcbac7700dd1870a1afa44de636a636b5"},
]
"greenlet 1.1.3.post0" = [
    {url = "https://files.pythonhosted.org/packages/06/58/79d818140350ee8e7fa0bfe8c41caa1b389df505b7d465284605c3da03fb/greenlet-1.1.3.post0-cp39-cp39-manylinux1_x86_64.whl", hash = "sha256:8415239c68b2ec9de10a5adf1130ee9cb0ebd3e19573c55ba160ff0ca809e012"},
    {url = "https://files.pythonhosted.org/packages/0c/2b/58c48321882bd374e61df8bfd7c6e1cb4da5d990436bf0848925af124b29/greenlet-1.1.3.post0-cp36-cp36m-manylinux_2_17_aarch64.manylinux2014_aarch64.whl", hash = "sha256:39464518a2abe9c505a727af7c0b4efff2cf242aa168be5f0daa47649f4d7ca8"},
    {url = "https://files.pythonhosted.org/packages/11/95/0f9ed79c7b4a84a9ed06a9cf35ea78ecf87bdebced3df3efa3138542665b/greenlet-1.1.3.post0-cp39-cp39-musllinux_1_1_x86_64.whl", hash = "sha256:0a954002064ee919b444b19c1185e8cce307a1f20600f47d6f4b6d336972c809"},
    {url = "https://files.pythonhosted.org/packages/16/40/4469e96e2f1e60d2cb48bed50d3726856c8961938e3e9b32b47b6950460c/greenlet-1.1.3.post0-cp39-cp39-win_amd64.whl", hash = "sha256:91a84faf718e6f8b888ca63d0b2d6d185c8e2a198d2a7322d75c303e7097c8b7"},
    {url = "https://files.pythonhosted.org/packages/17/dc/2ece0bece4047f3ba2113c6e66391c42425da9fe7dba75ad2d1ee3d5d5a8/greenlet-1.1.3.post0-cp36-cp36m-musllinux_1_1_x86_64.whl", hash = "sha256:3aeac044c324c1a4027dca0cde550bd83a0c0fbff7ef2c98df9e718a5086c194"},
    {url = "https://files.pythonhosted.org/packages/1b/68/8e3fefb61629cc7824c65d0d66286915b36ea09aed42f3b3698adf6b5a15/greenlet-1.1.3.post0-cp27-cp27m-macosx_10_14_x86_64.whl", hash = "sha256:949c9061b8c6d3e6e439466a9be1e787208dec6246f4ec5fffe9677b4c19fcc3"},
    {url = "https://files.pythonhosted.org/packages/1e/27/4a2d6fb832686911d541e8fb31c841e0daf67987f9956dbe1ae2db78f017/greenlet-1.1.3.post0-cp311-cp311-manylinux_2_17_aarch64.manylinux2014_aarch64.whl", hash = "sha256:814f26b864ed2230d3a7efe0336f5766ad012f94aad6ba43a7c54ca88dd77cba"},
    {url = "https://files.pythonhosted.org/packages/1e/a9/8462ea74e429da9acf4147babf282cad5ccf4480b85da307f36348cc7910/greenlet-1.1.3.post0-cp27-cp27mu-manylinux1_x86_64.whl", hash = "sha256:ccbe7129a282ec5797df0451ca1802f11578be018a32979131065565da89b392"},
    {url = "https://files.pythonhosted.org/packages/20/de/a5ab7e82651cd0deff0c5f0bf8a0c7b1e0b7e7017c7e0679b61970bde612/greenlet-1.1.3.post0-cp27-cp27mu-manylinux2010_x86_64.whl", hash = "sha256:4a8b58232f5b72973350c2b917ea3df0bebd07c3c82a0a0e34775fc2c1f857e9"},
    {url = "https://files.pythonhosted.org/packages/22/3b/3dece5270095aa5b108553880a7630888f9d43e1197cc0d3b4dcd3ccfed1/greenlet-1.1.3.post0-cp39-cp39-manylinux_2_17_aarch64.manylinux2014_aarch64.whl", hash = "sha256:0aa1845944e62f358d63fcc911ad3b415f585612946b8edc824825929b40e59e"},
    {url = "https://files.pythonhosted.org/packages/27/c5/4158a3525fe86ec0fa78a80a8dc777307c2ea7e0653912a582edd03ce401/greenlet-1.1.3.post0-cp37-cp37m-manylinux_2_17_x86_64.manylinux2014_x86_64.whl", hash = "sha256:2794eef1b04b5ba8948c72cc606aab62ac4b0c538b14806d9c0d88afd0576d6b"},
    {url = "https://files.pythonhosted.org/packages/27/e8/e54cf0873b8e0d67f321802fef04c271626caf687a7839a616ee576f573b/greenlet-1.1.3.post0-cp37-cp37m-manylinux_2_17_aarch64.manylinux2014_aarch64.whl", hash = "sha256:f7d20c3267385236b4ce54575cc8e9f43e7673fc761b069c820097092e318e3b"},
    {url = "https://files.pythonhosted.org/packages/2c/09/53199e6d26365b1183878569c93c0db00f0d4961775aa223aeda4ff4a15b/greenlet-1.1.3.post0-cp36-cp36m-macosx_10_14_x86_64.whl", hash = "sha256:64e10f303ea354500c927da5b59c3802196a07468332d292aef9ddaca08d03dd"},
    {url = "https://files.pythonhosted.org/packages/2d/1e/942ab80b72194e65690cd3fec2f17a0a308e0ca90240e188c4bfedd25808/greenlet-1.1.3.post0-cp37-cp37m-manylinux1_x86_64.whl", hash = "sha256:025b8de2273d2809f027d347aa2541651d2e15d593bbce0d5f502ca438c54136"},
    {url = "https://files.pythonhosted.org/packages/2e/0d/3402b278a122d30128d51941b10bb41395aec5a56e7cf744401c804c0d31/greenlet-1.1.3.post0-cp311-cp311-manylinux_2_17_x86_64.manylinux2014_x86_64.whl", hash = "sha256:c0643250dd0756f4960633f5359884f609a234d4066686754e834073d84e9b51"},
    {url = "https://files.pythonhosted.org/packages/2e/af/2ea24cf3383a0b1e69c9a4565d661e1a5072563da0cf94cde7e1366f0b48/greenlet-1.1.3.post0-cp39-cp39-manylinux2010_x86_64.whl", hash = "sha256:3c22998bfef3fcc1b15694818fc9b1b87c6cc8398198b96b6d355a7bcb8c934e"},
    {url = "https://files.pythonhosted.org/packages/2f/67/ba912a4b283ed6bf5751fc4849b006f43d9ce2e4989f325d18aa716786f8/greenlet-1.1.3.post0-cp311-cp311-manylinux_2_17_ppc64le.manylinux2014_ppc64le.whl", hash = "sha256:8fda1139d87ce5f7bd80e80e54f9f2c6fe2f47983f1a6f128c47bf310197deb6"},
    {url = "https://files.pythonhosted.org/packages/32/a7/9931165825ff6f3b9a098c0ed80d0d09c362d53a6e018e5b00a37932448f/greenlet-1.1.3.post0-cp27-cp27m-manylinux1_x86_64.whl", hash = "sha256:d7815e1519a8361c5ea2a7a5864945906f8e386fa1bc26797b4d443ab11a4589"},
    {url = "https://files.pythonhosted.org/packages/35/16/67b7c1c5086b6bb27bdcb21731f032839ec601b8ac0794c8d07f6ae4ba77/greenlet-1.1.3.post0-cp27-cp27m-win32.whl", hash = "sha256:11fc7692d95cc7a6a8447bb160d98671ab291e0a8ea90572d582d57361360f05"},
    {url = "https://files.pythonhosted.org/packages/3b/4b/11ad02fec375136b89787d5a015afe13768a4fcb56fbf941febe8bef533a/greenlet-1.1.3.post0-cp37-cp37m-manylinux2010_x86_64.whl", hash = "sha256:82a38d7d2077128a017094aff334e67e26194f46bd709f9dcdacbf3835d47ef5"},
    {url = "https://files.pythonhosted.org/packages/3c/19/ae42cfb96a20e3b5bc0ebb1a9ce42940de1b522414396bad1d5d1abfa93a/greenlet-1.1.3.post0-cp310-cp310-manylinux_2_17_ppc64le.manylinux2014_ppc64le.whl", hash = "sha256:a812df7282a8fc717eafd487fccc5ba40ea83bb5b13eb3c90c446d88dbdfd2be"},
    {url = "https://files.pythonhosted.org/packages/45/81/0e6ec48718dcbc7ae46efdc652ceea304d7b9c6e0d6a968a74ae093183be/greenlet-1.1.3.post0-cp35-cp35m-macosx_10_14_x86_64.whl", hash = "sha256:695d0d8b5ae42c800f1763c9fce9d7b94ae3b878919379150ee5ba458a460d57"},
    {url = "https://files.pythonhosted.org/packages/46/53/b67ae39512e109da50a05e5cbad95d14c82dba004f4bc4980e547d2d911f/greenlet-1.1.3.post0-cp37-cp37m-win_amd64.whl", hash = "sha256:62723e7eb85fa52e536e516ee2ac91433c7bb60d51099293671815ff49ed1c21"},
    {url = "https://files.pythonhosted.org/packages/48/79/8c5e3693a6b94cd52a9235504b4b3078a2cc0e9652c4ea8ad31c148dadf6/greenlet-1.1.3.post0-cp35-cp35m-win32.whl", hash = "sha256:7afa706510ab079fd6d039cc6e369d4535a48e202d042c32e2097f030a16450f"},
    {url = "https://files.pythonhosted.org/packages/4b/8e/cbfa355db2c60fb17ea9b5c558d28578454008e34c9c3f720c69b2af4f23/greenlet-1.1.3.post0-cp36-cp36m-win32.whl", hash = "sha256:fe7c51f8a2ab616cb34bc33d810c887e89117771028e1e3d3b77ca25ddeace04"},
    {url = "https://files.pythonhosted.org/packages/4c/48/d8d3e3add9df30ff9bef768c15bdc398766846aa20bb61cde654951a53f7/greenlet-1.1.3.post0-cp36-cp36m-manylinux_2_17_x86_64.manylinux2014_x86_64.whl", hash = "sha256:96656c5f7c95fc02c36d4f6ef32f4e94bb0b6b36e6a002c21c39785a4eec5f5d"},
    {url = "https://files.pythonhosted.org/packages/52/72/0f2cef2de95753942da92c185bccdc1c694683577e88f667b5713a449dd5/greenlet-1.1.3.post0-cp36-cp36m-manylinux1_x86_64.whl", hash = "sha256:eb6ac495dccb1520667cfea50d89e26f9ffb49fa28496dea2b95720d8b45eb54"},
    {url = "https://files.pythonhosted.org/packages/54/61/7a5668cade3de6dc7c5d6a7bb24f571fc13d368404fc7972306780201782/greenlet-1.1.3.post0-cp38-cp38-win32.whl", hash = "sha256:8149a6865b14c33be7ae760bcdb73548bb01e8e47ae15e013bf7ef9290ca309a"},
    {url = "https://files.pythonhosted.org/packages/56/94/0af921f0e45e74b016f40e539c0c8bcde281892710dc325b1cbbaab283d0/greenlet-1.1.3.post0-cp39-cp39-manylinux_2_17_ppc64le.manylinux2014_ppc64le.whl", hash = "sha256:890f633dc8cb307761ec566bc0b4e350a93ddd77dc172839be122be12bae3e10"},
    {url = "https://files.pythonhosted.org/packages/57/b3/2d2ca1b7c4608ce38860ed1321de2ee70693f1f3706a5bb43e7de29a5ac9/greenlet-1.1.3.post0-cp38-cp38-manylinux_2_17_aarch64.manylinux2014_aarch64.whl", hash = "sha256:0971d37ae0eaf42344e8610d340aa0ad3d06cd2eee381891a10fe771879791f9"},
    {url = "https://files.pythonhosted.org/packages/58/c3/3d7d9de3bd3edfe5c9ed18e64a592a1dfc2d0a2556d6cee8cb84873c74b9/greenlet-1.1.3.post0-cp35-cp35m-manylinux2010_x86_64.whl", hash = "sha256:bffba15cff4802ff493d6edcf20d7f94ab1c2aee7cfc1e1c7627c05f1102eee8"},
    {url = "https://files.pythonhosted.org/packages/5b/9f/ab2bb73975df5d234b5cc5283597cc773487f471f24f6646335660d36a12/greenlet-1.1.3.post0-cp310-cp310-musllinux_1_1_x86_64.whl", hash = "sha256:60839ab4ea7de6139a3be35b77e22e0398c270020050458b3d25db4c7c394df5"},
    {url = "https://files.pythonhosted.org/packages/60/46/1d91ad002b3978991ecd1c1f24af47de44123987521ec1266e86b4e54b95/greenlet-1.1.3.post0-cp38-cp38-macosx_10_15_x86_64.whl", hash = "sha256:d25cdedd72aa2271b984af54294e9527306966ec18963fd032cc851a725ddc1b"},
    {url = "https://files.pythonhosted.org/packages/65/c0/5584faa4e1943434430923a81fa003761eea17c7727b328dcdb5c4d8db74/greenlet-1.1.3.post0-cp39-cp39-win32.whl", hash = "sha256:2ccdc818cc106cc238ff7eba0d71b9c77be868fdca31d6c3b1347a54c9b187b2"},
    {url = "https://files.pythonhosted.org/packages/66/3e/b5d88b2a102f7a8a55a1d4c313d6fdaaa49f53c34858a86489aa009112b2/greenlet-1.1.3.post0-cp38-cp38-musllinux_1_1_x86_64.whl", hash = "sha256:467b73ce5dcd89e381292fb4314aede9b12906c18fab903f995b86034d96d5c8"},
    {url = "https://files.pythonhosted.org/packages/77/77/206360c55000e29c1509899df7b2edb9e9a1fa01bb013bdaebd0a9837252/greenlet-1.1.3.post0-cp310-cp310-manylinux_2_17_x86_64.manylinux2014_x86_64.whl", hash = "sha256:83a7a6560df073ec9de2b7cb685b199dfd12519bc0020c62db9d1bb522f989fa"},
    {url = "https://files.pythonhosted.org/packages/78/93/5b20e1049b664f517d65c94f4dc8947c60f3c70e8ac51fe6db38bf597b16/greenlet-1.1.3.post0-cp35-cp35m-win_amd64.whl", hash = "sha256:3a24f3213579dc8459e485e333330a921f579543a5214dbc935bc0763474ece3"},
    {url = "https://files.pythonhosted.org/packages/78/fc/30818883f47ad72f54172948e649fec73e1edd5d332959822381869a7ae2/greenlet-1.1.3.post0-cp37-cp37m-macosx_10_15_x86_64.whl", hash = "sha256:66aa4e9a726b70bcbfcc446b7ba89c8cec40f405e51422c39f42dfa206a96a05"},
    {url = "https://files.pythonhosted.org/packages/7c/c9/a4d77c0d9395a48560154470bbd79f14960ad4b6a16a10233881ca384d2d/greenlet-1.1.3.post0-cp310-cp310-macosx_10_15_x86_64.whl", hash = "sha256:f6661b58412879a2aa099abb26d3c93e91dedaba55a6394d1fb1512a77e85de9"},
    {url = "https://files.pythonhosted.org/packages/85/9c/bbb5c8819434fe15b501ae767fed653534bfd281e11b98ea0b524640de59/greenlet-1.1.3.post0-cp310-cp310-win_amd64.whl", hash = "sha256:8926a78192b8b73c936f3e87929931455a6a6c6c385448a07b9f7d1072c19ff3"},
    {url = "https://files.pythonhosted.org/packages/85/c7/e10aad2a67d6d3ac3039a91886c959d6ca19b32b8280512ee7c3c7b9ed88/greenlet-1.1.3.post0-cp35-cp35m-manylinux1_x86_64.whl", hash = "sha256:5662492df0588a51d5690f6578f3bbbd803e7f8d99a99f3bf6128a401be9c269"},
    {url = "https://files.pythonhosted.org/packages/89/ad/f6112cfe4a3cec4905591da72c4e37816d0fa1f6ed8e802652c767727f09/greenlet-1.1.3.post0-cp38-cp38-win_amd64.whl", hash = "sha256:104f29dd822be678ef6b16bf0035dcd43206a8a48668a6cae4d2fe9c7a7abdeb"},
    {url = "https://files.pythonhosted.org/packages/89/fe/6cb2ed00c96ec88ab7a8f274f45d13110619273705b0b0003c37fa43c172/greenlet-1.1.3.post0-cp38-cp38-manylinux_2_17_x86_64.manylinux2014_x86_64.whl", hash = "sha256:d75afcbb214d429dacdf75e03a1d6d6c5bd1fa9c35e360df8ea5b6270fb2211c"},
    {url = "https://files.pythonhosted.org/packages/8b/e2/07206a72c1660ce801d2f1635c1314a3706592d35564e4f75d27c4c426eb/greenlet-1.1.3.post0-cp39-cp39-manylinux_2_17_x86_64.manylinux2014_x86_64.whl", hash = "sha256:7cf37343e43404699d58808e51f347f57efd3010cc7cee134cdb9141bd1ad9ea"},
    {url = "https://files.pythonhosted.org/packages/8c/67/28bbd5c221f84c14e30c751b9bc1c5e76591f76f02a085a8bdecb43327ff/greenlet-1.1.3.post0-cp311-cp311-musllinux_1_1_aarch64.whl", hash = "sha256:cb863057bed786f6622982fb8b2c122c68e6e9eddccaa9fa98fd937e45ee6c4f"},
    {url = "https://files.pythonhosted.org/packages/90/20/33fd855a718f81b931087d78248fb10a6764345ebb87e71536bcadf7852c/greenlet-1.1.3.post0-cp39-cp39-musllinux_1_1_aarch64.whl", hash = "sha256:5edf75e7fcfa9725064ae0d8407c849456553a181ebefedb7606bac19aa1478b"},
    {url = "https://files.pythonhosted.org/packages/a2/4f/083b82f5653c26507c01f0a2323d1b39a3fbff4eef29b626ac9610ec0cdc/greenlet-1.1.3.post0-cp311-cp311-macosx_10_15_x86_64.whl", hash = "sha256:c6f90234e4438062d6d09f7d667f79edcc7c5e354ba3a145ff98176f974b8132"},
    {url = "https://files.pythonhosted.org/packages/a5/fe/203349ad1858163351e809d128c80deb876a937a6b8c293a14d3ecb0bdc5/greenlet-1.1.3.post0-cp37-cp37m-musllinux_1_1_aarch64.whl", hash = "sha256:a8d24eb5cb67996fb84633fdc96dbc04f2d8b12bfcb20ab3222d6be271616b67"},
    {url = "https://files.pythonhosted.org/packages/af/3f/8c27cce2330959125cc707fa1c835d415dc45c1f566b2f8504cc3a6d266e/greenlet-1.1.3.post0-cp310-cp310-musllinux_1_1_aarch64.whl", hash = "sha256:17a69967561269b691747e7f436d75a4def47e5efcbc3c573180fc828e176d80"},
    {url = "https://files.pythonhosted.org/packages/b2/3b/04c911b43046be1047af4a30764c71ce078b6d196fbc38b7d17479a15d74/greenlet-1.1.3.post0-cp37-cp37m-musllinux_1_1_x86_64.whl", hash = "sha256:0120a879aa2b1ac5118bce959ea2492ba18783f65ea15821680a256dfad04754"},
    {url = "https://files.pythonhosted.org/packages/b3/90/605a085fac008276f8f515ac2241f6924ba2ffc1742677721d49d2656743/greenlet-1.1.3.post0-cp38-cp38-manylinux2010_x86_64.whl", hash = "sha256:ec615d2912b9ad807afd3be80bf32711c0ff9c2b00aa004a45fd5d5dde7853d9"},
    {url = "https://files.pythonhosted.org/packages/b7/4b/e1b5e3209e0e6c44248cefa9125389d2d6d29b00eefc37e09bf7dee8afe7/greenlet-1.1.3.post0-cp36-cp36m-manylinux_2_17_ppc64le.manylinux2014_ppc64le.whl", hash = "sha256:0914f02fcaa8f84f13b2df4a81645d9e82de21ed95633765dd5cc4d3af9d7403"},
    {url = "https://files.pythonhosted.org/packages/bd/1e/e987a0ea7ee2700fe724ade6288fcf86b24d48328fff503335ba90356ae1/greenlet-1.1.3.post0-cp38-cp38-manylinux1_x86_64.whl", hash = "sha256:924df1e7e5db27d19b1359dc7d052a917529c95ba5b8b62f4af611176da7c8ad"},
    {url = "https://files.pythonhosted.org/packages/bf/47/8f9d94fbeb832262060ad1bee8f805369cce28f378a29071fab5f969ddbc/greenlet-1.1.3.post0-cp311-cp311-musllinux_1_1_x86_64.whl", hash = "sha256:8c0581077cf2734569f3e500fab09c0ff6a2ab99b1afcacbad09b3c2843ae743"},
    {url = "https://files.pythonhosted.org/packages/bf/a9/374f33142e3b6058f1403f15289f0b4ffd3fc067982c16fef5489a7f2e39/greenlet-1.1.3.post0-cp310-cp310-manylinux_2_17_aarch64.manylinux2014_aarch64.whl", hash = "sha256:2c6e942ca9835c0b97814d14f78da453241837419e0d26f7403058e8db3e38f8"},
    {url = "https://files.pythonhosted.org/packages/c1/57/2bc8b4b09a5b0518348c3e9091b4abe6a5d6d3da0daaa7b62cb22386bba2/greenlet-1.1.3.post0-cp36-cp36m-musllinux_1_1_aarch64.whl", hash = "sha256:4f74aa0092602da2069df0bc6553919a15169d77bcdab52a21f8c5242898f519"},
    {url = "https://files.pythonhosted.org/packages/c6/ff/4824bda7f85046296a59570040d5c77ef7b71fcf7577844efcfc9a4a0196/greenlet-1.1.3.post0-cp39-cp39-macosx_10_15_x86_64.whl", hash = "sha256:c8c9301e3274276d3d20ab6335aa7c5d9e5da2009cccb01127bddb5c951f8870"},
    {url = "https://files.pythonhosted.org/packages/c7/2d/25ae355f962ddaf7497498f38113fef5b155fbf2dec19447027d9a7335db/greenlet-1.1.3.post0-cp37-cp37m-manylinux_2_17_ppc64le.manylinux2014_ppc64le.whl", hash = "sha256:c8ece5d1a99a2adcb38f69af2f07d96fb615415d32820108cd340361f590d128"},
    {url = "https://files.pythonhosted.org/packages/c8/e8/3996d9c3427eeff6d77195f25a3c1dbb580a37ac6d3ce5209ecfe67df628/greenlet-1.1.3.post0-cp36-cp36m-manylinux2010_x86_64.whl", hash = "sha256:88720794390002b0c8fa29e9602b395093a9a766b229a847e8d88349e418b28a"},
    {url = "https://files.pythonhosted.org/packages/d3/8a/5b3196fcdfc05f767fc0cc42499c6214524afbf798fc4568b8aa592e6cc1/greenlet-1.1.3.post0-cp27-cp27m-manylinux2010_x86_64.whl", hash = "sha256:9649891ab4153f217f319914455ccf0b86986b55fc0573ce803eb998ad7d6854"},
    {url = "https://files.pythonhosted.org/packages/dd/cb/c2953857761d26a315b874e458c4ee59f2116eea52dfdfea3d1931c10eb6/greenlet-1.1.3.post0-cp27-cp27m-win_amd64.whl", hash = "sha256:05ae7383f968bba4211b1fbfc90158f8e3da86804878442b4fb6c16ccbcaa519"},
    {url = "https://files.pythonhosted.org/packages/e0/b1/9da1e867f57a7b760d645b49fef7db4c5a403da03e1993386f1dbdbf7aac/greenlet-1.1.3.post0-cp36-cp36m-win_amd64.whl", hash = "sha256:70048d7b2c07c5eadf8393e6398595591df5f59a2f26abc2f81abca09610492f"},
    {url = "https://files.pythonhosted.org/packages/e9/68/ede987710d638fdfa2ed3c5e1684d8e05e6893640a3b7e6712e5ece1561f/greenlet-1.1.3.post0-cp38-cp38-musllinux_1_1_aarch64.whl", hash = "sha256:5c2d21c2b768d8c86ad935e404cc78c30d53dea009609c3ef3a9d49970c864b5"},
    {url = "https://files.pythonhosted.org/packages/ea/37/e54ce453b298e890f59dba3db32461579328a07d5b65e3eabf80f971c099/greenlet-1.1.3.post0.tar.gz", hash = "sha256:f5e09dc5c6e1796969fd4b775ea1417d70e49a5df29aaa8e5d10675d9e11872c"},
    {url = "https://files.pythonhosted.org/packages/f2/0a/924bd48ae64e4f4804a4553f169fd705a4f6b482c61b7b593541561b55a4/greenlet-1.1.3.post0-cp37-cp37m-win32.whl", hash = "sha256:bef49c07fcb411c942da6ee7d7ea37430f830c482bf6e4b72d92fd506dd3a427"},
    {url = "https://files.pythonhosted.org/packages/f8/01/4b41b5a0ab34d00e4ffc4be937b2d54ba5ec72ea127942a9d0ea34cd7719/greenlet-1.1.3.post0-cp38-cp38-manylinux_2_17_ppc64le.manylinux2014_ppc64le.whl", hash = "sha256:325f272eb997916b4a3fc1fea7313a8adb760934c2140ce13a2117e1b0a8095d"},
]
"h11 0.14.0" = [
    {url = "https://files.pythonhosted.org/packages/95/04/ff642e65ad6b90db43e668d70ffb6736436c7ce41fcc549f4e9472234127/h11-0.14.0-py3-none-any.whl", hash = "sha256:e3fe4ac4b851c468cc8363d500db52c2ead036020723024a109d37346efaa761"},
    {url = "https://files.pythonhosted.org/packages/f5/38/3af3d3633a34a3316095b39c8e8fb4853a28a536e55d347bd8d8e9a14b03/h11-0.14.0.tar.gz", hash = "sha256:8f19fbbe99e72420ff35c00b27a34cb9937e902a8b810e2c88300c6f0a3b699d"},
]
"idna 3.4" = [
    {url = "https://files.pythonhosted.org/packages/8b/e1/43beb3d38dba6cb420cefa297822eac205a277ab43e5ba5d5c46faf96438/idna-3.4.tar.gz", hash = "sha256:814f528e8dead7d329833b91c5faa87d60bf71824cd12a7530b5526063d02cb4"},
    {url = "https://files.pythonhosted.org/packages/fc/34/3030de6f1370931b9dbb4dad48f6ab1015ab1d32447850b9fc94e60097be/idna-3.4-py3-none-any.whl", hash = "sha256:90b77e79eaa3eba6de819a0c442c0b4ceefc341a7a2ab77d7562bf49f425c5c2"},
]
"pydantic 1.10.2" = [
    {url = "https://files.pythonhosted.org/packages/13/e3/5b83cba317390c9125e049a5328b8e19475098362d398a65936aaab3f00f/pydantic-1.10.2-cp38-cp38-musllinux_1_1_i686.whl", hash = "sha256:1ee433e274268a4b0c8fde7ad9d58ecba12b069a033ecc4645bb6303c062d2e9"},
    {url = "https://files.pythonhosted.org/packages/22/53/196c9a5752e30d682e493d7c00ea0a02377446578e577ae5e085010dc0bd/pydantic-1.10.2-cp37-cp37m-manylinux_2_17_x86_64.manylinux2014_x86_64.whl", hash = "sha256:81a7b66c3f499108b448f3f004801fcd7d7165fb4200acb03f1c2402da73ce4c"},
    {url = "https://files.pythonhosted.org/packages/33/82/40effb1628768af97223df215ed909cc25e0d04d5503667cf7fb5266ee0d/pydantic-1.10.2-cp311-cp311-musllinux_1_1_i686.whl", hash = "sha256:05e00dbebbe810b33c7a7362f231893183bcc4251f3f2ff991c31d5c08240c42"},
    {url = "https://files.pythonhosted.org/packages/33/dd/a8eda780256d32a0ebf2a507e3ee6776e485b98c15b5f6c9ee1661b7374a/pydantic-1.10.2-cp37-cp37m-musllinux_1_1_i686.whl", hash = "sha256:9300fcbebf85f6339a02c6994b2eb3ff1b9c8c14f502058b5bf349d42447dcf5"},
    {url = "https://files.pythonhosted.org/packages/4c/5f/11db15638a3f5b29c7ae6f24b43c1e7985f09b0fe983621d7ef1ff722020/pydantic-1.10.2-cp39-cp39-manylinux_2_17_x86_64.manylinux2014_x86_64.whl", hash = "sha256:6eb843dcc411b6a2237a694f5e1d649fc66c6064d02b204a7e9d194dff81eb4b"},
    {url = "https://files.pythonhosted.org/packages/4c/a9/26873855ce8c1d84cc892036c3396dd1e2d3233201d0b7002451f679ad8d/pydantic-1.10.2-cp310-cp310-macosx_11_0_arm64.whl", hash = "sha256:a1f5a63a6dfe19d719b1b6e6106561869d2efaca6167f84f5ab9347887d78b98"},
    {url = "https://files.pythonhosted.org/packages/4f/53/5747ced47f8af73753bdeb39271acaef47dc63873e0ca16fc33d4a777f31/pydantic-1.10.2-cp38-cp38-macosx_10_9_x86_64.whl", hash = "sha256:b97890e56a694486f772d36efd2ba31612739bc6f3caeee50e9e7e3ebd2fdd13"},
    {url = "https://files.pythonhosted.org/packages/5d/96/3861db92c405d491d02abf17a88f04575311f36688bdb9fb086838d0b379/pydantic-1.10.2-cp311-cp311-manylinux_2_5_i686.manylinux1_i686.manylinux_2_17_i686.manylinux2014_i686.whl", hash = "sha256:7b5ba54d026c2bd2cb769d3468885f23f43710f651688e91f5fb1edcf0ee9283"},
    {url = "https://files.pythonhosted.org/packages/65/06/5925bb1302daaacc28cdf3ac832d62bd0f5fdda5c648409d98cce26d78a4/pydantic-1.10.2-cp39-cp39-musllinux_1_1_i686.whl", hash = "sha256:e0bedafe4bc165ad0a56ac0bd7695df25c50f76961da29c050712596cf092d6d"},
    {url = "https://files.pythonhosted.org/packages/6e/fd/8ffad95e696caf36834c3819d1509f8fb146120501c8deb27c8bfb146b26/pydantic-1.10.2-cp310-cp310-musllinux_1_1_i686.whl", hash = "sha256:e9069e1b01525a96e6ff49e25876d90d5a563bc31c658289a8772ae186552236"},
    {url = "https://files.pythonhosted.org/packages/74/3e/f043a9db9f3ec835b49b084054a83e64a2057d6dabc15da4d2f00edaf8f4/pydantic-1.10.2-cp38-cp38-manylinux_2_17_x86_64.manylinux2014_x86_64.whl", hash = "sha256:06094d18dd5e6f2bbf93efa54991c3240964bb663b87729ac340eb5014310624"},
    {url = "https://files.pythonhosted.org/packages/74/4f/ea30b0bc3ea6f41d73c9aaa26fd51bd9d4f6f755c62625b592c2c2b1b6f0/pydantic-1.10.2-cp311-cp311-manylinux_2_17_x86_64.manylinux2014_x86_64.whl", hash = "sha256:37c90345ec7dd2f1bcef82ce49b6235b40f282b94d3eec47e801baf864d15525"},
    {url = "https://files.pythonhosted.org/packages/7a/1d/d61c9ae42b62686a4230a7747119527269cb8bd17fb7146ee463b1a3ed71/pydantic-1.10.2-cp37-cp37m-musllinux_1_1_x86_64.whl", hash = "sha256:216f3bcbf19c726b1cc22b099dd409aa371f55c08800bcea4c44c8f74b73478d"},
    {url = "https://files.pythonhosted.org/packages/7d/7d/58dd62f792b002fa28cce4e83cb90f4359809e6d12db86eedf26a752895c/pydantic-1.10.2.tar.gz", hash = "sha256:91b8e218852ef6007c2b98cd861601c6a09f1aa32bbbb74fab5b1c33d4a1e410"},
    {url = "https://files.pythonhosted.org/packages/87/f7/b02ec31ffd6eafdd2ca8a4a9f1a3ad2fa68ca8b850de82bbe99053e3d2c0/pydantic-1.10.2-cp310-cp310-manylinux_2_17_x86_64.manylinux2014_x86_64.whl", hash = "sha256:352aedb1d71b8b0736c6d56ad2bd34c6982720644b0624462059ab29bd6e5912"},
    {url = "https://files.pythonhosted.org/packages/88/6f/69a98253109e15de3eba1b6ec5c621f01c9e3735c2d3e6a949b4f467d78e/pydantic-1.10.2-cp310-cp310-manylinux_2_5_i686.manylinux1_i686.manylinux_2_17_i686.manylinux2014_i686.whl", hash = "sha256:19b3b9ccf97af2b7519c42032441a891a5e05c68368f40865a90eb88833c2559"},
    {url = "https://files.pythonhosted.org/packages/8a/18/2050f86b48b79fe731e7ca706f4914dd2fcfa4071ca29d5509deb54972fc/pydantic-1.10.2-cp38-cp38-win_amd64.whl", hash = "sha256:0b959f4d8211fc964772b595ebb25f7652da3f22322c007b6fed26846a40685e"},
    {url = "https://files.pythonhosted.org/packages/8a/b0/8a4349bb4388e1cd6b843a908b33bc1fea261ce948c287fd5b32e094dc96/pydantic-1.10.2-cp38-cp38-manylinux_2_5_i686.manylinux1_i686.manylinux_2_17_i686.manylinux2014_i686.whl", hash = "sha256:cc78cc83110d2f275ec1970e7a831f4e371ee92405332ebfe9860a715f8336e1"},
    {url = "https://files.pythonhosted.org/packages/92/fb/0d5e414d3f72b43c50572f63647fab3abf41cc9f04f810bec97e4d61f09a/pydantic-1.10.2-cp311-cp311-macosx_11_0_arm64.whl", hash = "sha256:d49f3db871575e0426b12e2f32fdb25e579dea16486a26e5a0474af87cb1ab0a"},
    {url = "https://files.pythonhosted.org/packages/97/d5/dc4bd637ba0c2cefc58f40415116b9bbc315aa41da158dc3b81d9d981c1c/pydantic-1.10.2-cp39-cp39-musllinux_1_1_x86_64.whl", hash = "sha256:2e05aed07fa02231dbf03d0adb1be1d79cabb09025dd45aa094aa8b4e7b9dcda"},
    {url = "https://files.pythonhosted.org/packages/a9/ce/f01d53fa974c954610e08be73058436f5df6a5125929a8d732030eeb19a8/pydantic-1.10.2-cp311-cp311-musllinux_1_1_x86_64.whl", hash = "sha256:2d0567e60eb01bccda3a4df01df677adf6b437958d35c12a3ac3e0f078b0ee52"},
    {url = "https://files.pythonhosted.org/packages/af/cf/beecf80bc07c9bd1612219b053950af9b04eb597806c9905dbcfd75fa50d/pydantic-1.10.2-cp39-cp39-macosx_10_9_x86_64.whl", hash = "sha256:c33602f93bfb67779f9c507e4d69451664524389546bacfe1bee13cae6dc7488"},
    {url = "https://files.pythonhosted.org/packages/b0/b5/b673ec4154429dcf152e993fd0a2146a3f8a2de3bc4a2dd0768ba051eefb/pydantic-1.10.2-cp311-cp311-win_amd64.whl", hash = "sha256:c6f981882aea41e021f72779ce2a4e87267458cc4d39ea990729e21ef18f0f8c"},
    {url = "https://files.pythonhosted.org/packages/b2/74/961f37b2c2df5c021dd4ac981750a455f0eea312f3eb074a0b7f0fd4663d/pydantic-1.10.2-cp39-cp39-manylinux_2_5_i686.manylinux1_i686.manylinux_2_17_i686.manylinux2014_i686.whl", hash = "sha256:4b8795290deaae348c4eba0cebb196e1c6b98bdbe7f50b2d0d9a4a99716342fe"},
    {url = "https://files.pythonhosted.org/packages/c2/f7/9c79223c4131bd258dd4b362e426804346b62b1a2e7c914f3eefd6f9f73c/pydantic-1.10.2-cp37-cp37m-macosx_10_9_x86_64.whl", hash = "sha256:c4aac8e7103bf598373208f6299fa9a5cfd1fc571f2d40bf1dd1955a63d6eeb5"},
    {url = "https://files.pythonhosted.org/packages/c4/ab/25e2515801f17d1434500ed59405a9f13030891896bd4fc90088f8bdf610/pydantic-1.10.2-cp311-cp311-macosx_10_9_x86_64.whl", hash = "sha256:a4c805731c33a8db4b6ace45ce440c4ef5336e712508b4d9e1aafa617dc9907f"},
    {url = "https://files.pythonhosted.org/packages/c6/9b/7a383fbd1f5f0ec8143fb9ebf57c22c4356fadedc0ca376262117e6f2878/pydantic-1.10.2-cp310-cp310-musllinux_1_1_x86_64.whl", hash = "sha256:355639d9afc76bcb9b0c3000ddcd08472ae75318a6eb67a15866b87e2efa168c"},
    {url = "https://files.pythonhosted.org/packages/d4/ec/230ab377c457cd68cfda78759e2a57f8c08a9e9adb4cd53c4d2fc9100b15/pydantic-1.10.2-py3-none-any.whl", hash = "sha256:1b6ee725bd6e83ec78b1aa32c5b1fa67a3a65badddde3976bca5fe4568f27709"},
    {url = "https://files.pythonhosted.org/packages/d6/8b/9ec347ac3a848bb8c356ec6c6a5a5066300f37e985915b0fa68cf78f448a/pydantic-1.10.2-cp310-cp310-win_amd64.whl", hash = "sha256:ae544c47bec47a86bc7d350f965d8b15540e27e5aa4f55170ac6a75e5f73b644"},
    {url = "https://files.pythonhosted.org/packages/dc/bf/5965230bf0547c5fa0005984564146dcc414e6e8b6349177eca413761013/pydantic-1.10.2-cp37-cp37m-win_amd64.whl", hash = "sha256:dd3f9a40c16daf323cf913593083698caee97df2804aa36c4b3175d5ac1b92a2"},
    {url = "https://files.pythonhosted.org/packages/e5/23/96ba59f91dc42b35d72d8ffd8eff1f9c4b508b927207f9122fcfa679c495/pydantic-1.10.2-cp38-cp38-musllinux_1_1_x86_64.whl", hash = "sha256:7c2abc4393dea97a4ccbb4ec7d8658d4e22c4765b7b9b9445588f16c71ad9965"},
    {url = "https://files.pythonhosted.org/packages/ef/a8/c11b225b5eae30cf7c00be4d056705aaee42cc646e77e7bda9e407728619/pydantic-1.10.2-cp39-cp39-win_amd64.whl", hash = "sha256:c1ba1afb396148bbc70e9eaa8c06c1716fdddabaf86e7027c5988bae2a829ab6"},
    {url = "https://files.pythonhosted.org/packages/f0/83/9bb5cfa0eca92d0c7c317438ecce33051c3879bf2b0a2b990e4e0d6070b7/pydantic-1.10.2-cp38-cp38-macosx_11_0_arm64.whl", hash = "sha256:9cabf4a7f05a776e7793e72793cd92cc865ea0e83a819f9ae4ecccb1b8aa6116"},
    {url = "https://files.pythonhosted.org/packages/f8/91/814d1d833d4d53ae4854dcb23256c55758b0fc01b90b20a297ee2c76bb84/pydantic-1.10.2-cp39-cp39-macosx_11_0_arm64.whl", hash = "sha256:5760e164b807a48a8f25f8aa1a6d857e6ce62e7ec83ea5d5c5a802eac81bad41"},
    {url = "https://files.pythonhosted.org/packages/fe/5b/6f77e6ebc93e5e3c7fd480e1b171a6547407eba901a56a65d2745df24144/pydantic-1.10.2-cp37-cp37m-manylinux_2_5_i686.manylinux1_i686.manylinux_2_17_i686.manylinux2014_i686.whl", hash = "sha256:bedf309630209e78582ffacda64a21f96f3ed2e51fbf3962d4d488e503420254"},
    {url = "https://files.pythonhosted.org/packages/fe/fd/8f7f8271d526378c927babd1229501e576760cef9a509909a3415eec3c0d/pydantic-1.10.2-cp310-cp310-macosx_10_9_x86_64.whl", hash = "sha256:bb6ad4489af1bac6955d38ebcb95079a836af31e4c4f74aba1ca05bb9f6027bd"},
]
"sniffio 1.3.0" = [
    {url = "https://files.pythonhosted.org/packages/c3/a0/5dba8ed157b0136607c7f2151db695885606968d1fae123dc3391e0cfdbf/sniffio-1.3.0-py3-none-any.whl", hash = "sha256:eecefdce1e5bbfb7ad2eeaabf7c1eeb404d7757c379bd1f7e5cce9d8bf425384"},
    {url = "https://files.pythonhosted.org/packages/cd/50/d49c388cae4ec10e8109b1b833fd265511840706808576df3ada99ecb0ac/sniffio-1.3.0.tar.gz", hash = "sha256:e60305c5e5d314f5389259b7f22aaa33d8f7dee49763119234af3755c55b9101"},
]
"sqlalchemy 1.4.41" = [
    {url = "https://files.pythonhosted.org/packages/05/f5/23735f8e87c4c66058b327773654930898cdb3e206a8ddb22aadc2e54cea/SQLAlchemy-1.4.41-cp36-cp36m-win32.whl", hash = "sha256:3e2ef592ac3693c65210f8b53d0edcf9f4405925adcfc031ff495e8d18169682"},
    {url = "https://files.pythonhosted.org/packages/07/0d/46d1a6c25fce13d2c6892e9a203d4baae3058cb04396915365d621965f95/SQLAlchemy-1.4.41-cp37-cp37m-manylinux_2_5_x86_64.manylinux1_x86_64.manylinux_2_17_x86_64.manylinux2014_x86_64.whl", hash = "sha256:639e1ae8d48b3c86ffe59c0daa9a02e2bfe17ca3d2b41611b30a0073937d4497"},
    {url = "https://files.pythonhosted.org/packages/08/a8/8146793f1cbe0b7753463e885dd30ad2f647d700530625598355863397b5/SQLAlchemy-1.4.41-cp37-cp37m-win_amd64.whl", hash = "sha256:5323252be2bd261e0aa3f33cb3a64c45d76829989fa3ce90652838397d84197d"},
    {url = "https://files.pythonhosted.org/packages/10/60/e891b496ca0bbbabedcb387d43be52b6b59dfb902a0e2df26d1cc43caf4c/SQLAlchemy-1.4.41-cp27-cp27m-manylinux_2_5_x86_64.manylinux1_x86_64.whl", hash = "sha256:2d6495f84c4fd11584f34e62f9feec81bf373787b3942270487074e35cbe5330"},
    {url = "https://files.pythonhosted.org/packages/1b/82/53cc4c827ce330ce97767a3536e320e58f8803da3255ba4752ca20d8f376/SQLAlchemy-1.4.41-cp39-cp39-manylinux_2_5_x86_64.manylinux1_x86_64.manylinux_2_12_x86_64.manylinux2010_x86_64.whl", hash = "sha256:036d8472356e1d5f096c5e0e1a7e0f9182140ada3602f8fff6b7329e9e7cfbcd"},
    {url = "https://files.pythonhosted.org/packages/1d/46/208bb085d3405eaec7aa41e8b3eda0c3aa596169e0d31c7bcc75ad1b9abc/SQLAlchemy-1.4.41-cp37-cp37m-win32.whl", hash = "sha256:0005bd73026cd239fc1e8ccdf54db58b6193be9a02b3f0c5983808f84862c767"},
    {url = "https://files.pythonhosted.org/packages/37/b5/136c78031fb88f3f79fa1090c339f36a7b9bbb359651767b617f2bbf655a/SQLAlchemy-1.4.41-cp311-cp311-win_amd64.whl", hash = "sha256:d2e054aed4645f9b755db85bc69fc4ed2c9020c19c8027976f66576b906a74f1"},
    {url = "https://files.pythonhosted.org/packages/39/ec/02955ea76aca27cba7b280cea29f7952133f154b3a0be50281f125a4c753/SQLAlchemy-1.4.41-cp37-cp37m-macosx_10_15_x86_64.whl", hash = "sha256:c23d64a0b28fc78c96289ffbd0d9d1abd48d267269b27f2d34e430ea73ce4b26"},
    {url = "https://files.pythonhosted.org/packages/42/8b/4ddf009cb17231471419d9e31dd03005c0b31f8a4e94a9cd1a0b4ade44d4/SQLAlchemy-1.4.41-cp36-cp36m-macosx_10_14_x86_64.whl", hash = "sha256:4ba7e122510bbc07258dc42be6ed45997efdf38129bde3e3f12649be70683546"},
    {url = "https://files.pythonhosted.org/packages/5b/05/0344b99768d345cd92785949a3dac38bfb7059b3b4dc6ae1e55ea842c772/SQLAlchemy-1.4.41-cp310-cp310-macosx_10_15_x86_64.whl", hash = "sha256:361f6b5e3f659e3c56ea3518cf85fbdae1b9e788ade0219a67eeaaea8a4e4d2a"},
    {url = "https://files.pythonhosted.org/packages/5b/3d/4c6da7a76f850c55e9115d5bcf2f90509a8617f4e955d9bd82f23008e029/SQLAlchemy-1.4.41-cp38-cp38-win32.whl", hash = "sha256:58bb65b3274b0c8a02cea9f91d6f44d0da79abc993b33bdedbfec98c8440175a"},
    {url = "https://files.pythonhosted.org/packages/5c/0c/4256c722fc41e7f581776ac05af9b5db5c304c7888d625e47d079024c7b8/SQLAlchemy-1.4.41-cp38-cp38-win_amd64.whl", hash = "sha256:ce8feaa52c1640de9541eeaaa8b5fb632d9d66249c947bb0d89dd01f87c7c288"},
    {url = "https://files.pythonhosted.org/packages/67/a0/97da2cb07e013fd6c37fd896a86b374aa726e4161cafd57185e8418d59aa/SQLAlchemy-1.4.41.tar.gz", hash = "sha256:0292f70d1797e3c54e862e6f30ae474014648bc9c723e14a2fda730adb0a9791"},
    {url = "https://files.pythonhosted.org/packages/73/2e/d61aeec5580ae1841508c39ac63a9a8cfb8200d88f3d9b7d57607ab2f245/SQLAlchemy-1.4.41-cp39-cp39-win_amd64.whl", hash = "sha256:f5fa526d027d804b1f85cdda1eb091f70bde6fb7d87892f6dd5a48925bc88898"},
    {url = "https://files.pythonhosted.org/packages/79/5f/cf2664ea15b04cfacab5f9ed791741874c67d58f69ad86c22488bc53a2f0/SQLAlchemy-1.4.41-cp37-cp37m-manylinux_2_5_x86_64.manylinux1_x86_64.manylinux_2_12_x86_64.manylinux2010_x86_64.whl", hash = "sha256:14576238a5f89bcf504c5f0a388d0ca78df61fb42cb2af0efe239dc965d4f5c9"},
    {url = "https://files.pythonhosted.org/packages/7e/7f/0693241547e0b8534600e831dfe0a8bbcb29a60c53925ed604a747a00bb8/SQLAlchemy-1.4.41-cp36-cp36m-manylinux_2_5_x86_64.manylinux1_x86_64.manylinux_2_12_x86_64.manylinux2010_x86_64.whl", hash = "sha256:e16c2be5cb19e2c08da7bd3a87fed2a0d4e90065ee553a940c4fc1a0fb1ab72b"},
    {url = "https://files.pythonhosted.org/packages/85/8a/83f1056449d819532c337a4a1b709a8e6291b9398340c0b2c00d5fdc7589/SQLAlchemy-1.4.41-cp38-cp38-macosx_10_15_x86_64.whl", hash = "sha256:05f0de3a1dc3810a776275763764bb0015a02ae0f698a794646ebc5fb06fad33"},
    {url = "https://files.pythonhosted.org/packages/93/0c/377daa276fa54ad65a6dbd0323285cf0892972fa88a4dbe17113ec440c32/SQLAlchemy-1.4.41-cp311-cp311-win32.whl", hash = "sha256:59bdc291165b6119fc6cdbc287c36f7f2859e6051dd923bdf47b4c55fd2f8bd0"},
    {url = "https://files.pythonhosted.org/packages/a8/62/9f74f13f3907ca416d8fc7b1c33a8137717a2a2d42364038b9437dcc8040/SQLAlchemy-1.4.41-cp38-cp38-manylinux_2_17_aarch64.manylinux2014_aarch64.whl", hash = "sha256:0002e829142b2af00b4eaa26c51728f3ea68235f232a2e72a9508a3116bd6ed0"},
    {url = "https://files.pythonhosted.org/packages/b1/1a/e0c11a28c2d2c3c1e74705d4fcb2246434050eed69b70e6acf0ef88adbb0/SQLAlchemy-1.4.41-cp38-cp38-manylinux_2_5_x86_64.manylinux1_x86_64.manylinux_2_12_x86_64.manylinux2010_x86_64.whl", hash = "sha256:22ff16cedab5b16a0db79f1bc99e46a6ddececb60c396562e50aab58ddb2871c"},
    {url = "https://files.pythonhosted.org/packages/b6/df/51a99ba9b419e15aa39948756f79d6ef2df9ede3288799c1deb43b618799/SQLAlchemy-1.4.41-cp310-cp310-manylinux_2_5_x86_64.manylinux1_x86_64.manylinux_2_17_x86_64.manylinux2014_x86_64.whl", hash = "sha256:5102fb9ee2c258a2218281adcb3e1918b793c51d6c2b4666ce38c35101bb940e"},
    {url = "https://files.pythonhosted.org/packages/bc/a9/f9eb3d4952bfa67f7489732af8db2c31b2e99b6b2f70f786fb6d92b18ebb/SQLAlchemy-1.4.41-cp39-cp39-macosx_10_15_x86_64.whl", hash = "sha256:199a73c31ac8ea59937cc0bf3dfc04392e81afe2ec8a74f26f489d268867846c"},
    {url = "https://files.pythonhosted.org/packages/be/76/912622f9e0b87a9fc58d4d58e9ce459bbd9cd83021c51989afb1839d2162/SQLAlchemy-1.4.41-cp310-cp310-manylinux_2_17_aarch64.manylinux2014_aarch64.whl", hash = "sha256:0990932f7cca97fece8017414f57fdd80db506a045869d7ddf2dda1d7cf69ecc"},
    {url = "https://files.pythonhosted.org/packages/bf/ed/443a8584b15cbab97f0a5e5ba4974c7b6c989d2ec5a37423946a24619bcf/SQLAlchemy-1.4.41-cp37-cp37m-manylinux_2_17_aarch64.manylinux2014_aarch64.whl", hash = "sha256:8eb8897367a21b578b26f5713833836f886817ee2ffba1177d446fa3f77e67c8"},
    {url = "https://files.pythonhosted.org/packages/bf/f2/69c9f96515b4eb65fac522c8b81ec10666ee4789484b0c123452c1f22505/SQLAlchemy-1.4.41-cp311-cp311-manylinux_2_5_x86_64.manylinux1_x86_64.manylinux_2_17_x86_64.manylinux2014_x86_64.whl", hash = "sha256:2ad2b727fc41c7f8757098903f85fafb4bf587ca6605f82d9bf5604bd9c7cded"},
    {url = "https://files.pythonhosted.org/packages/ce/b7/1b65516236b36b55624768f7923c9a8d55ca4ba239b795ea84cb82086718/SQLAlchemy-1.4.41-cp39-cp39-manylinux_2_5_x86_64.manylinux1_x86_64.manylinux_2_17_x86_64.manylinux2014_x86_64.whl", hash = "sha256:2307495d9e0ea00d0c726be97a5b96615035854972cc538f6e7eaed23a35886c"},
    {url = "https://files.pythonhosted.org/packages/d0/ea/86e73fb946694c491a332710d0686f3260b941b3af43502457d3a62512dd/SQLAlchemy-1.4.41-cp310-cp310-win32.whl", hash = "sha256:2082a2d2fca363a3ce21cfa3d068c5a1ce4bf720cf6497fb3a9fc643a8ee4ddd"},
    {url = "https://files.pythonhosted.org/packages/d5/4a/29ce9d2ec5bb2d3e83ad387b956defde6229252259795cd28210a5020740/SQLAlchemy-1.4.41-cp36-cp36m-manylinux_2_5_x86_64.manylinux1_x86_64.manylinux_2_17_x86_64.manylinux2014_x86_64.whl", hash = "sha256:f5ebeeec5c14533221eb30bad716bc1fd32f509196318fb9caa7002c4a364e4c"},
    {url = "https://files.pythonhosted.org/packages/d6/b7/78d3425a6b3aa486c46259228c1933a22ac4d48b0e6220930973ac852091/SQLAlchemy-1.4.41-cp310-cp310-win_amd64.whl", hash = "sha256:e4b12e3d88a8fffd0b4ca559f6d4957ed91bd4c0613a4e13846ab8729dc5c251"},
    {url = "https://files.pythonhosted.org/packages/de/c2/cb1e60fee76b253b396e31a641e117ba689437b1d9dbecfe8415cb0e8b43/SQLAlchemy-1.4.41-cp27-cp27m-macosx_10_14_x86_64.whl", hash = "sha256:13e397a9371ecd25573a7b90bd037db604331cf403f5318038c46ee44908c44d"},
    {url = "https://files.pythonhosted.org/packages/e4/3c/b37bbfe25ebfe129cfa7843e74af3081cca6ae9a893869ba82639479fdf9/SQLAlchemy-1.4.41-cp36-cp36m-manylinux_2_17_aarch64.manylinux2014_aarch64.whl", hash = "sha256:c0dcf127bb99458a9d211e6e1f0f3edb96c874dd12f2503d4d8e4f1fd103790b"},
    {url = "https://files.pythonhosted.org/packages/e5/5b/fbaf9a5f3ef900f9eb30644cb74520a7771250a1d0b26a44ca053d3ef4fe/SQLAlchemy-1.4.41-cp39-cp39-manylinux_2_17_aarch64.manylinux2014_aarch64.whl", hash = "sha256:4676d51c9f6f6226ae8f26dc83ec291c088fe7633269757d333978df78d931ab"},
    {url = "https://files.pythonhosted.org/packages/ea/4e/4bcd7e756fa2e989e7eed239bca3c3fc57101b7d0c49864f8e41d202d1ce/SQLAlchemy-1.4.41-cp311-cp311-manylinux_2_17_aarch64.manylinux2014_aarch64.whl", hash = "sha256:b67fc780cfe2b306180e56daaa411dd3186bf979d50a6a7c2a5b5036575cbdbb"},
    {url = "https://files.pythonhosted.org/packages/f0/97/c6a1bc6e80844c10ee1cb599fa5d8c919fc68b9d9ebed22217cadcfca4c8/SQLAlchemy-1.4.41-cp310-cp310-manylinux_2_5_x86_64.manylinux1_x86_64.manylinux_2_12_x86_64.manylinux2010_x86_64.whl", hash = "sha256:cd767cf5d7252b1c88fcfb58426a32d7bd14a7e4942497e15b68ff5d822b41ad"},
    {url = "https://files.pythonhosted.org/packages/f1/81/638d6bd19baf595959c42c154d83262d609140898eb88866db2f024fcc00/SQLAlchemy-1.4.41-cp39-cp39-win32.whl", hash = "sha256:9c56e19780cd1344fcd362fd6265a15f48aa8d365996a37fab1495cae8fcd97d"},
    {url = "https://files.pythonhosted.org/packages/f4/06/78ab18ec859c7dbdb5182b8463ebb3abac932ad086b9dd15fb60958f9a4f/SQLAlchemy-1.4.41-cp27-cp27m-win_amd64.whl", hash = "sha256:5facb7fd6fa8a7353bbe88b95695e555338fb038ad19ceb29c82d94f62775a05"},
    {url = "https://files.pythonhosted.org/packages/f6/ca/6d666434176ff264e750d14b833a7f2243183a8a69f3a25253f1f0052f09/SQLAlchemy-1.4.41-cp38-cp38-manylinux_2_5_x86_64.manylinux1_x86_64.manylinux_2_17_x86_64.manylinux2014_x86_64.whl", hash = "sha256:ccfd238f766a5bb5ee5545a62dd03f316ac67966a6a658efb63eeff8158a4bbf"},
    {url = "https://files.pythonhosted.org/packages/f8/84/f92a2de0e4a7e82acca2bc74c75295fe5f141ea8ba002e2218cea41d2245/SQLAlchemy-1.4.41-cp36-cp36m-win_amd64.whl", hash = "sha256:eb30cf008850c0a26b72bd1b9be6730830165ce049d239cfdccd906f2685f892"},
    {url = "https://files.pythonhosted.org/packages/fa/5f/150ca2e971231624041de73fbc61b0b16f5139530cbff889213cc00f83f8/SQLAlchemy-1.4.41-cp27-cp27m-win32.whl", hash = "sha256:e570cfc40a29d6ad46c9aeaddbdcee687880940a3a327f2c668dd0e4ef0a441d"},
    {url = "https://files.pythonhosted.org/packages/fe/28/f22792eee334cd83a15ef34b825761ee057d330b9b24d3f1496b95faa557/SQLAlchemy-1.4.41-cp311-cp311-macosx_10_15_x86_64.whl", hash = "sha256:90484a2b00baedad361402c257895b13faa3f01780f18f4a104a2f5c413e4536"},
    {url = "https://files.pythonhosted.org/packages/ff/1c/55bf52c1961ce01164835047ed2c09e44b76d1f18a75841715626f2786b1/SQLAlchemy-1.4.41-cp27-cp27mu-manylinux_2_5_x86_64.manylinux1_x86_64.whl", hash = "sha256:f37fa70d95658763254941ddd30ecb23fc4ec0c5a788a7c21034fc2305dab7cc"},
]
"starlette 0.20.4" = [
    {url = "https://files.pythonhosted.org/packages/51/37/8ac52116984d6a0d8502ec2c7e4a4a78f862b76410cdb1a4bcb384c91cb3/starlette-0.20.4-py3-none-any.whl", hash = "sha256:c0414d5a56297d37f3db96a84034d61ce29889b9eaccf65eb98a0b39441fcaa3"},
    {url = "https://files.pythonhosted.org/packages/b7/9b/dc9fa4c05a8aceb7abbf057b1279f0007ce8ab42c9b8f31a9c71981955bc/starlette-0.20.4.tar.gz", hash = "sha256:42fcf3122f998fefce3e2c5ad7e5edbf0f02cf685d646a83a08d404726af5084"},
]
"typing-extensions 4.4.0" = [
    {url = "https://files.pythonhosted.org/packages/0b/8e/f1a0a5a76cfef77e1eb6004cb49e5f8d72634da638420b9ea492ce8305e8/typing_extensions-4.4.0-py3-none-any.whl", hash = "sha256:16fa4864408f655d35ec496218b85f79b3437c829e93320c7c9215ccfd92489e"},
    {url = "https://files.pythonhosted.org/packages/e3/a7/8f4e456ef0adac43f452efc2d0e4b242ab831297f1bac60ac815d37eb9cf/typing_extensions-4.4.0.tar.gz", hash = "sha256:1511434bb92bf8dd198c12b1cc812e800d4181cfcb867674e0f8279cc93087aa"},
]
"uvicorn 0.18.3" = [
    {url = "https://files.pythonhosted.org/packages/64/82/3fdff66fca901b30e42c88e0c37ada35e181074e0c4fd8d7d7525107329d/uvicorn-0.18.3-py3-none-any.whl", hash = "sha256:0abd429ebb41e604ed8d2be6c60530de3408f250e8d2d84967d85ba9e86fe3af"},
    {url = "https://files.pythonhosted.org/packages/6b/36/20d18a00a14d331f491340bc3a793f902a7de6b908f5b1dec74e066b80b8/uvicorn-0.18.3.tar.gz", hash = "sha256:9a66e7c42a2a95222f76ec24a4b754c158261c4696e683b9dadc72b590e0311b"},
]
